
Microsoft Visual Studio Solution File, Format Version 12.00
Project("{FAE04EC0-301F-11D3-BF4B-00C04F79EFBC}") = "ExternalManufactoringService", "ExternalManufactoringService\ExternalManufactoringService.csproj", "{203FD8C6-49EC-46EA-A9C3-E87B924B530B}"
EndProject
Project("{FAE04EC0-301F-11D3-BF4B-00C04F79EFBC}") = "Models", "Models\Models.csproj", "{C2158215-F7ED-4D08-B85D-2F4030C17901}"
EndProject
Project("{FAE04EC0-301F-11D3-BF4B-00C04F79EFBC}") = "InternalManufacturingService", "InternalManufacturingService\InternalManufacturingService.csproj", "{1911AB55-5078-418D-94C7-2D86E0275152}"
EndProject
Global
	GlobalSection(SolutionConfigurationPlatforms) = preSolution
		Debug|Any CPU = Debug|Any CPU
		Release|Any CPU = Release|Any CPU
	EndGlobalSection
	GlobalSection(ProjectConfigurationPlatforms) = postSolution
		{203FD8C6-49EC-46EA-A9C3-E87B924B530B}.Debug|Any CPU.ActiveCfg = Debug|Any CPU
		{203FD8C6-49EC-46EA-A9C3-E87B924B530B}.Debug|Any CPU.Build.0 = Debug|Any CPU
		{203FD8C6-49EC-46EA-A9C3-E87B924B530B}.Release|Any CPU.ActiveCfg = Release|Any CPU
		{203FD8C6-49EC-46EA-A9C3-E87B924B530B}.Release|Any CPU.Build.0 = Release|Any CPU
		{C2158215-F7ED-4D08-B85D-2F4030C17901}.Debug|Any CPU.ActiveCfg = Debug|Any CPU
		{C2158215-F7ED-4D08-B85D-2F4030C17901}.Debug|Any CPU.Build.0 = Debug|Any CPU
		{C2158215-F7ED-4D08-B85D-2F4030C17901}.Release|Any CPU.ActiveCfg = Release|Any CPU
		{C2158215-F7ED-4D08-B85D-2F4030C17901}.Release|Any CPU.Build.0 = Release|Any CPU
		{1911AB55-5078-418D-94C7-2D86E0275152}.Debug|Any CPU.ActiveCfg = Debug|Any CPU
		{1911AB55-5078-418D-94C7-2D86E0275152}.Debug|Any CPU.Build.0 = Debug|Any CPU
		{1911AB55-5078-418D-94C7-2D86E0275152}.Release|Any CPU.ActiveCfg = Release|Any CPU
		{1911AB55-5078-418D-94C7-2D86E0275152}.Release|Any CPU.Build.0 = Release|Any CPU
	EndGlobalSection
EndGlobal
